
Microsoft Visual Studio Solution File, Format Version 12.00
# Visual Studio Version 17
VisualStudioVersion = 17.1.32210.238
MinimumVisualStudioVersion = 10.0.40219.1
Project("{FAE04EC0-301F-11D3-BF4B-00C04F79EFBC}") = "SandraTesting", "SandraTesting.csproj", "{92086C72-F966-47F3-A731-C5D4C0353DDB}"
EndProject
Project("{FAE04EC0-301F-11D3-BF4B-00C04F79EFBC}") = "ConsoleApp1", "..\ConsoleApp1\ConsoleApp1.csproj", "{D8841AE2-D91A-4204-A8F9-CC6D4D6E92EC}"
EndProject
Global
	GlobalSection(SolutionConfigurationPlatforms) = preSolution
		Debug|Any CPU = Debug|Any CPU
		Release|Any CPU = Release|Any CPU
	EndGlobalSection
	GlobalSection(ProjectConfigurationPlatforms) = postSolution
		{92086C72-F966-47F3-A731-C5D4C0353DDB}.Debug|Any CPU.ActiveCfg = Debug|Any CPU
		{92086C72-F966-47F3-A731-C5D4C0353DDB}.Debug|Any CPU.Build.0 = Debug|Any CPU
		{92086C72-F966-47F3-A731-C5D4C0353DDB}.Release|Any CPU.ActiveCfg = Release|Any CPU
		{92086C72-F966-47F3-A731-C5D4C0353DDB}.Release|Any CPU.Build.0 = Release|Any CPU
		{D8841AE2-D91A-4204-A8F9-CC6D4D6E92EC}.Debug|Any CPU.ActiveCfg = Debug|Any CPU
		{D8841AE2-D91A-4204-A8F9-CC6D4D6E92EC}.Debug|Any CPU.Build.0 = Debug|Any CPU
		{D8841AE2-D91A-4204-A8F9-CC6D4D6E92EC}.Release|Any CPU.ActiveCfg = Release|Any CPU
		{D8841AE2-D91A-4204-A8F9-CC6D4D6E92EC}.Release|Any CPU.Build.0 = Release|Any CPU
	EndGlobalSection
	GlobalSection(SolutionProperties) = preSolution
		HideSolutionNode = FALSE
	EndGlobalSection
	GlobalSection(ExtensibilityGlobals) = postSolution
		SolutionGuid = {90B45951-2E7E-44CD-A24F-BF4C516173CF}
	EndGlobalSection
EndGlobal
